
Microsoft Visual Studio Solution File, Format Version 12.00
# Visual Studio Version 17
VisualStudioVersion = 17.10.34928.147
MinimumVisualStudioVersion = 10.0.40219.1
Project("{FAE04EC0-301F-11D3-BF4B-00C04F79EFBC}") = "update_chek", "update_chek\update_chek.csproj", "{66CA990B-FD08-493B-961B-F4FE22176CFF}"
EndProject
Global
	GlobalSection(SolutionConfigurationPlatforms) = preSolution
		Debug|Any CPU = Debug|Any CPU
		Release|Any CPU = Release|Any CPU
	EndGlobalSection
	GlobalSection(ProjectConfigurationPlatforms) = postSolution
		{66CA990B-FD08-493B-961B-F4FE22176CFF}.Debug|Any CPU.ActiveCfg = Debug|Any CPU
		{66CA990B-FD08-493B-961B-F4FE22176CFF}.Debug|Any CPU.Build.0 = Debug|Any CPU
		{66CA990B-FD08-493B-961B-F4FE22176CFF}.Release|Any CPU.ActiveCfg = Release|Any CPU
		{66CA990B-FD08-493B-961B-F4FE22176CFF}.Release|Any CPU.Build.0 = Release|Any CPU
	EndGlobalSection
	GlobalSection(SolutionProperties) = preSolution
		HideSolutionNode = FALSE
	EndGlobalSection
	GlobalSection(ExtensibilityGlobals) = postSolution
		SolutionGuid = {98F061B4-9C42-4F18-AD94-4DA8D746B04C}
	EndGlobalSection
EndGlobal
